# This is a Gradle generated file for dependency locking.
# Manual edits can break the build and are not advised.
# This file is expected to be part of source control.
# To regenerate this file, run: ./gradlew :document:dependencies --write-locks
aopalliance:aopalliance:1.0=compileClasspath,runtimeClasspath,testCompileClasspath,testRuntimeClasspath
ch.qos.logback:logback-classic:1.5.20=testRuntimeClasspath
ch.qos.logback:logback-core:1.5.20=testRuntimeClasspath
com.ethlo.time:itu:1.14.0=testCompileClasspath,testRuntimeClasspath
com.fasterxml.jackson.core:jackson-annotations:2.20=testCompileClasspath,testRuntimeClasspath
com.fasterxml.jackson.core:jackson-core:2.20.1=testCompileClasspath,testRuntimeClasspath
com.fasterxml.jackson.core:jackson-databind:2.20.1=testCompileClasspath,testRuntimeClasspath
com.fasterxml.jackson.dataformat:jackson-dataformat-yaml:2.20.1=testCompileClasspath,testRuntimeClasspath
com.fasterxml.jackson.datatype:jackson-datatype-jsr310:2.20.1=testCompileClasspath,testRuntimeClasspath
com.fasterxml.jackson:jackson-bom:2.20.1=testCompileClasspath,testRuntimeClasspath
com.github.ben-manes.caffeine:caffeine:3.0.5=annotationProcessor,testAnnotationProcessor
com.github.jknack:handlebars-helpers:4.3.1=testCompileClasspath,testRuntimeClasspath
com.github.jknack:handlebars:4.3.1=testCompileClasspath,testRuntimeClasspath
com.github.kevinstern:software-and-algorithms:1.0=annotationProcessor,testAnnotationProcessor
com.github.spotbugs:spotbugs-annotations:4.10.3=spotbugs
com.github.spotbugs:spotbugs:4.10.3=spotbugs
com.github.stephenc.jcip:jcip-annotations:1.0-1=spotbugs
com.google.auto.service:auto-service-annotations:1.0.1=annotationProcessor,testAnnotationProcessor
com.google.auto.value:auto-value-annotations:1.9=annotationProcessor,testAnnotationProcessor
com.google.auto:auto-common:1.2.2=annotationProcessor,testAnnotationProcessor
com.google.code.findbugs:jsr305:3.0.2=checkstyle,spotbugs
com.google.code.gson:gson:2.14.0=spotbugs
com.google.errorprone:error_prone_annotation:2.50.0=annotationProcessor,testAnnotationProcessor
com.google.errorprone:error_prone_annotations:2.47.0=checkstyle,compileClasspath,runtimeClasspath,testCompileClasspath,testRuntimeClasspath
com.google.errorprone:error_prone_annotations:2.48.0=spotbugs
com.google.errorprone:error_prone_annotations:2.50.0=annotationProcessor,testAnnotationProcessor
com.google.errorprone:error_prone_check_api:2.50.0=annotationProcessor,testAnnotationProcessor
com.google.errorprone:error_prone_core:2.50.0=annotationProcessor,testAnnotationProcessor
com.google.googlejavaformat:google-java-format:1.35.0=annotationProcessor,testAnnotationProcessor
com.google.guava:failureaccess:1.0.3=annotationProcessor,checkstyle,compileClasspath,runtimeClasspath,testAnnotationProcessor,testCompileClasspath,testRuntimeClasspath
com.google.guava:guava:33.5.0-jre=annotationProcessor,testAnnotationProcessor
com.google.guava:guava:33.6.0-jre=checkstyle,compileClasspath,runtimeClasspath,testCompileClasspath,testRuntimeClasspath
com.google.guava:listenablefuture:9999.0-empty-to-avoid-conflict-with-guava=annotationProcessor,checkstyle,compileClasspath,runtimeClasspath,testAnnotationProcessor,testCompileClasspath,testRuntimeClasspath
com.google.inject:guice:7.0.0=compileClasspath,runtimeClasspath,testCompileClasspath,testRuntimeClasspath
com.google.j2objc:j2objc-annotations:3.1=annotationProcessor,checkstyle,compileClasspath,runtimeClasspath,testAnnotationProcessor,testCompileClasspath,testRuntimeClasspath
com.google.protobuf:protobuf-java:4.33.2=annotationProcessor,testAnnotationProcessor
com.h3xstream.findsecbugs:findsecbugs-plugin:1.14.0=spotbugsPlugins
com.ibm.icu:icu4j:77.1=compileClasspath,runtimeClasspath,testCompileClasspath,testRuntimeClasspath
com.jayway.jsonpath:json-path:2.10.0=testCompileClasspath,testRuntimeClasspath
com.networknt:json-schema-validator:1.5.9=testCompileClasspath,testRuntimeClasspath
com.puppycrawl.tools:checkstyle:13.9.0=checkstyle
com.uber.nullaway:nullaway:0.13.8=annotationProcessor,testAnnotationProcessor
commons-beanutils:commons-beanutils:1.11.0=checkstyle
commons-codec:commons-codec:1.11=checkstyle
commons-collections:commons-collections:3.2.2=checkstyle
commons-fileupload:commons-fileupload:1.6.0=testCompileClasspath,testRuntimeClasspath
commons-io:commons-io:2.19.0=testCompileClasspath,testRuntimeClasspath
commons-io:commons-io:2.21.0=spotbugs
info.picocli:picocli:4.7.7=checkstyle
io.github.eisop:dataflow-errorprone:3.41.0-eisop1=annotationProcessor,testAnnotationProcessor
io.github.java-diff-utils:java-diff-utils:4.12=annotationProcessor,testAnnotationProcessor
jakarta.inject:jakarta.inject-api:2.0.1=compileClasspath,runtimeClasspath,testCompileClasspath,testRuntimeClasspath
javax.inject:javax.inject:1=annotationProcessor,testAnnotationProcessor
jaxen:jaxen:2.0.6=spotbugs
net.bytebuddy:byte-buddy-agent:1.17.7=testCompileClasspath,testRuntimeClasspath
net.bytebuddy:byte-buddy:1.18.3=testCompileClasspath,testRuntimeClasspath
net.javacrumbs.json-unit:json-unit-core:2.40.1=testCompileClasspath,testRuntimeClasspath
net.minidev:accessors-smart:2.6.0=testRuntimeClasspath
net.minidev:json-smart:2.6.0=testRuntimeClasspath
net.sf.jopt-simple:jopt-simple:5.0.4=testCompileClasspath,testRuntimeClasspath
net.sf.saxon:Saxon-HE:12.10=spotbugs
net.sf.saxon:Saxon-HE:12.9=checkstyle
org.antlr:antlr4-runtime:4.13.2=checkstyle
org.apache.bcel:bcel:6.12.0=spotbugs
org.apache.commons:commons-lang3:3.20.0=spotbugs
org.apache.commons:commons-lang3:3.8.1=checkstyle
org.apache.commons:commons-text:1.15.0=spotbugs
org.apache.commons:commons-text:1.3=checkstyle
org.apache.httpcomponents.client5:httpclient5:5.5.1=testCompileClasspath,testRuntimeClasspath
org.apache.httpcomponents.core5:httpcore5-h2:5.3.6=testCompileClasspath,testRuntimeClasspath
org.apache.httpcomponents.core5:httpcore5:5.3.6=testCompileClasspath,testRuntimeClasspath
org.apache.httpcomponents:httpclient:4.5.13=checkstyle
org.apache.httpcomponents:httpcore:4.4.14=checkstyle
org.apache.logging.log4j:log4j-api:2.26.1=spotbugs
org.apache.logging.log4j:log4j-core:2.26.1=spotbugs
org.apache.maven.doxia:doxia-core:1.12.0=checkstyle
org.apache.maven.doxia:doxia-logging-api:1.12.0=checkstyle
org.apache.maven.doxia:doxia-module-xdoc:1.12.0=checkstyle
org.apache.maven.doxia:doxia-sink-api:1.12.0=checkstyle
org.apache.xbean:xbean-reflect:3.7=checkstyle
org.apiguardian:apiguardian-api:1.1.2=testCompileClasspath
org.assertj:assertj-core:3.27.7=testCompileClasspath,testRuntimeClasspath
org.checkerframework:checker-qual:4.0.0=annotationProcessor,testAnnotationProcessor
org.checkerframework:dataflow-nullaway:4.0.0=annotationProcessor,testAnnotationProcessor
org.codehaus.plexus:plexus-classworlds:2.6.0=checkstyle
org.codehaus.plexus:plexus-component-annotations:2.1.0=checkstyle
org.codehaus.plexus:plexus-container-default:2.1.0=checkstyle
org.codehaus.plexus:plexus-utils:3.3.0=checkstyle
org.commonmark:commonmark-ext-gfm-tables:0.24.0=compileClasspath,runtimeClasspath,testCompileClasspath,testRuntimeClasspath
org.commonmark:commonmark:0.24.0=compileClasspath,runtimeClasspath,testCompileClasspath,testRuntimeClasspath
org.dom4j:dom4j:2.2.0=spotbugs
org.eclipse.jetty.http2:http2-common:11.0.26=testCompileClasspath,testRuntimeClasspath
org.eclipse.jetty.http2:http2-hpack:11.0.26=testCompileClasspath,testRuntimeClasspath
org.eclipse.jetty.http2:http2-server:11.0.26=testCompileClasspath,testRuntimeClasspath
org.eclipse.jetty.toolchain:jetty-jakarta-servlet-api:5.0.2=testCompileClasspath,testRuntimeClasspath
org.eclipse.jetty:jetty-alpn-client:11.0.26=testCompileClasspath,testRuntimeClasspath
org.eclipse.jetty:jetty-alpn-java-client:11.0.26=testCompileClasspath,testRuntimeClasspath
org.eclipse.jetty:jetty-alpn-java-server:11.0.26=testCompileClasspath,testRuntimeClasspath
org.eclipse.jetty:jetty-alpn-server:11.0.26=testCompileClasspath,testRuntimeClasspath
org.eclipse.jetty:jetty-bom:11.0.26=testCompileClasspath,testRuntimeClasspath
org.eclipse.jetty:jetty-client:11.0.26=testCompileClasspath,testRuntimeClasspath
org.eclipse.jetty:jetty-http:11.0.26=testCompileClasspath,testRuntimeClasspath
org.eclipse.jetty:jetty-io:11.0.26=testCompileClasspath,testRuntimeClasspath
org.eclipse.jetty:jetty-proxy:11.0.26=testCompileClasspath,testRuntimeClasspath
org.eclipse.jetty:jetty-security:11.0.26=testCompileClasspath,testRuntimeClasspath
org.eclipse.jetty:jetty-server:11.0.26=testCompileClasspath,testRuntimeClasspath
org.eclipse.jetty:jetty-servlet:11.0.26=testCompileClasspath,testRuntimeClasspath
org.eclipse.jetty:jetty-servlets:11.0.26=testCompileClasspath,testRuntimeClasspath
org.eclipse.jetty:jetty-util:11.0.26=testCompileClasspath,testRuntimeClasspath
org.eclipse.jetty:jetty-webapp:11.0.26=testCompileClasspath,testRuntimeClasspath
org.eclipse.jetty:jetty-xml:11.0.26=testCompileClasspath,testRuntimeClasspath
org.hamcrest:hamcrest-core:2.2=testCompileClasspath,testRuntimeClasspath
org.hamcrest:hamcrest:2.2=testCompileClasspath,testRuntimeClasspath
org.jacoco:org.jacoco.agent:0.8.15=jacocoAgent,jacocoAnt
org.jacoco:org.jacoco.ant:0.8.15=jacocoAnt
org.jacoco:org.jacoco.core:0.8.15=jacocoAnt
org.jacoco:org.jacoco.report:0.8.15=jacocoAnt
org.javassist:javassist:3.28.0-GA=checkstyle
org.jdom:jdom2:2.0.6.1=compileClasspath,runtimeClasspath,testCompileClasspath,testRuntimeClasspath
org.jsoup:jsoup:1.23.1=compileClasspath,runtimeClasspath,testCompileClasspath,testRuntimeClasspath
org.jspecify:jspecify:1.0.0=annotationProcessor,checkstyle,runtimeClasspath,testAnnotationProcessor,testRuntimeClasspath
org.jspecify:jspecify:1.0.1=compileClasspath,testCompileClasspath
org.junit.jupiter:junit-jupiter-api:5.14.4=testCompileClasspath,testRuntimeClasspath
org.junit.jupiter:junit-jupiter-engine:5.14.4=testRuntimeClasspath
org.junit.jupiter:junit-jupiter-params:5.14.4=testCompileClasspath,testRuntimeClasspath
org.junit.jupiter:junit-jupiter:5.14.4=testCompileClasspath,testRuntimeClasspath
org.junit.platform:junit-platform-commons:1.14.4=testCompileClasspath,testRuntimeClasspath
org.junit.platform:junit-platform-engine:1.14.4=testRuntimeClasspath
org.junit.platform:junit-platform-launcher:1.14.4=testRuntimeClasspath
org.junit:junit-bom:5.14.4=testCompileClasspath,testRuntimeClasspath
org.junit:junit-bom:6.1.2=spotbugs
org.mockito:mockito-core:5.23.0=testCompileClasspath,testRuntimeClasspath
org.mockito:mockito-junit-jupiter:5.23.0=testCompileClasspath,testRuntimeClasspath
org.objenesis:objenesis:3.3=testRuntimeClasspath
org.opentest4j:opentest4j:1.3.0=testCompileClasspath,testRuntimeClasspath
org.osgi:org.osgi.core:6.0.0=testRuntimeClasspath
org.ow2.asm:asm-analysis:9.10.1=spotbugs
org.ow2.asm:asm-commons:9.10.1=jacocoAnt,spotbugs
org.ow2.asm:asm-tree:9.10.1=jacocoAnt,spotbugs
org.ow2.asm:asm-util:9.10.1=spotbugs
org.ow2.asm:asm:9.10.1=jacocoAnt,spotbugs
org.pcollections:pcollections:4.0.1=annotationProcessor,testAnnotationProcessor
org.projectlombok:lombok:1.18.46=annotationProcessor,compileClasspath,testAnnotationProcessor,testCompileClasspath
org.reflections:reflections:0.10.2=checkstyle
org.slf4j:slf4j-api:2.0.17=compileClasspath,runtimeClasspath,spotbugsSlf4j,testCompileClasspath,testRuntimeClasspath
org.slf4j:slf4j-api:2.0.18=spotbugs
org.slf4j:slf4j-simple:2.0.17=spotbugsSlf4j
org.slf4j:slf4j-simple:2.0.18=checkstyle
org.testfx:testfx-core:4.0.18=testCompileClasspath,testRuntimeClasspath
org.testfx:testfx-junit5:4.0.18=testCompileClasspath,testRuntimeClasspath
org.wiremock:wiremock:3.13.2=testCompileClasspath,testRuntimeClasspath
org.xmlresolver:xmlresolver:5.3.3=checkstyle,spotbugs
org.xmlunit:xmlunit-core:2.11.0=testCompileClasspath,testRuntimeClasspath
org.xmlunit:xmlunit-legacy:2.11.0=testCompileClasspath,testRuntimeClasspath
org.xmlunit:xmlunit-placeholders:2.11.0=testCompileClasspath,testRuntimeClasspath
org.yaml:snakeyaml:2.4=testCompileClasspath,testRuntimeClasspath
empty=
